// !$*UTF8*$!
{
	archiveVersion = 1;
	classes = {
	};
	objectVersion = 56;
	objects = {

/* Begin PBXBuildFile section */
		28F6B0FBDD86300ACFFF080A /* Pods_SampleList_SampleListUITests.framework in Frameworks */ = {isa = PBXBuildFile; fileRef = A5B851FDD341D76249FF4340 /* Pods_SampleList_SampleListUITests.framework */; };
		40AB8EC02BBFE51D00C6192D /* AppDelegate.swift in Sources */ = {isa = PBXBuildFile; fileRef = 40AB8EBF2BBFE51D00C6192D /* AppDelegate.swift */; };
		40AB8EC22BBFE51D00C6192D /* SceneDelegate.swift in Sources */ = {isa = PBXBuildFile; fileRef = 40AB8EC12BBFE51D00C6192D /* SceneDelegate.swift */; };
		40AB8EC42BBFE51D00C6192D /* ViewController.swift in Sources */ = {isa = PBXBuildFile; fileRef = 40AB8EC32BBFE51D00C6192D /* ViewController.swift */; };
		40AB8EC92BBFE51F00C6192D /* Assets.xcassets in Resources */ = {isa = PBXBuildFile; fileRef = 40AB8EC82BBFE51F00C6192D /* Assets.xcassets */; };
		40AB8ECC2BBFE51F00C6192D /* LaunchScreen.storyboard in Resources */ = {isa = PBXBuildFile; fileRef = 40AB8ECA2BBFE51F00C6192D /* LaunchScreen.storyboard */; };
		40AB8EE12BBFE51F00C6192D /* SampleListUITests.swift in Sources */ = {isa = PBXBuildFile; fileRef = 40AB8EE02BBFE51F00C6192D /* SampleListUITests.swift */; };
		40AB8EE32BBFE51F00C6192D /* SampleListUITestsLaunchTests.swift in Sources */ = {isa = PBXBuildFile; fileRef = 40AB8EE22BBFE51F00C6192D /* SampleListUITestsLaunchTests.swift */; };
		40AB8EF32BC0A7A800C6192D /* PMRemoteRepo.swift in Sources */ = {isa = PBXBuildFile; fileRef = 40AB8EF22BC0A7A800C6192D /* PMRemoteRepo.swift */; };
		40AB8EF52BC0A92500C6192D /* PokemonModel.swift in Sources */ = {isa = PBXBuildFile; fileRef = 40AB8EF42BC0A92500C6192D /* PokemonModel.swift */; };
		40AB8EFA2BC0B1E200C6192D /* DefaultPMListUseCase.swift in Sources */ = {isa = PBXBuildFile; fileRef = 40AB8EF92BC0B1E200C6192D /* DefaultPMListUseCase.swift */; };
		40AB8EFD2BC0C07A00C6192D /* PMListUseCaseTest.swift in Sources */ = {isa = PBXBuildFile; fileRef = 40AB8EFC2BC0C07A00C6192D /* PMListUseCaseTest.swift */; };
		40AB8F002BC11E5B00C6192D /* PMListViewModel.swift in Sources */ = {isa = PBXBuildFile; fileRef = 40AB8EFF2BC11E5B00C6192D /* PMListViewModel.swift */; };
		40AB8F022BC1224900C6192D /* PMListVC.swift in Sources */ = {isa = PBXBuildFile; fileRef = 40AB8F012BC1224900C6192D /* PMListVC.swift */; };
		40AB8F042BC1272E00C6192D /* Utility.swift in Sources */ = {isa = PBXBuildFile; fileRef = 40AB8F032BC1272E00C6192D /* Utility.swift */; };
		40AB8F062BC2436200C6192D /* PMListViewModelTest.swift in Sources */ = {isa = PBXBuildFile; fileRef = 40AB8F052BC2436200C6192D /* PMListViewModelTest.swift */; };
		A058966AF2493A8DD3760EF7 /* Pods_SampleList.framework in Frameworks */ = {isa = PBXBuildFile; fileRef = 3F88C4F48FF66B2343DA5A9C /* Pods_SampleList.framework */; };
		D384CAB7BF3C4F9B9FCC2CD9 /* Pods_SampleListTests.framework in Frameworks */ = {isa = PBXBuildFile; fileRef = 4CB14FB03CC8FABE92FF3CDA /* Pods_SampleListTests.framework */; };
/* End PBXBuildFile section */

/* Begin PBXContainerItemProxy section */
		40AB8ED32BBFE51F00C6192D /* PBXContainerItemProxy */ = {
			isa = PBXContainerItemProxy;
			containerPortal = 40AB8EB42BBFE51D00C6192D /* Project object */;
			proxyType = 1;
			remoteGlobalIDString = 40AB8EBB2BBFE51D00C6192D;
			remoteInfo = SampleList;
		};
		40AB8EDD2BBFE51F00C6192D /* PBXContainerItemProxy */ = {
			isa = PBXContainerItemProxy;
			containerPortal = 40AB8EB42BBFE51D00C6192D /* Project object */;
			proxyType = 1;
			remoteGlobalIDString = 40AB8EBB2BBFE51D00C6192D;
			remoteInfo = SampleList;
		};
/* End PBXContainerItemProxy section */

/* Begin PBXFileReference section */
		2A354E1EC27D384EB8C65E5D /* Pods-SampleList-SampleListUITests.release.xcconfig */ = {isa = PBXFileReference; includeInIndex = 1; lastKnownFileType = text.xcconfig; name = "Pods-SampleList-SampleListUITests.release.xcconfig"; path = "Target Support Files/Pods-SampleList-SampleListUITests/Pods-SampleList-SampleListUITests.release.xcconfig"; sourceTree = "<group>"; };
		3F88C4F48FF66B2343DA5A9C /* Pods_SampleList.framework */ = {isa = PBXFileReference; explicitFileType = wrapper.framework; includeInIndex = 0; path = Pods_SampleList.framework; sourceTree = BUILT_PRODUCTS_DIR; };
		40AB8EBC2BBFE51D00C6192D /* SampleList.app */ = {isa = PBXFileReference; explicitFileType = wrapper.application; includeInIndex = 0; path = SampleList.app; sourceTree = BUILT_PRODUCTS_DIR; };
		40AB8EBF2BBFE51D00C6192D /* AppDelegate.swift */ = {isa = PBXFileReference; lastKnownFileType = sourcecode.swift; path = AppDelegate.swift; sourceTree = "<group>"; };
		40AB8EC12BBFE51D00C6192D /* SceneDelegate.swift */ = {isa = PBXFileReference; lastKnownFileType = sourcecode.swift; path = SceneDelegate.swift; sourceTree = "<group>"; };
		40AB8EC32BBFE51D00C6192D /* ViewController.swift */ = {isa = PBXFileReference; lastKnownFileType = sourcecode.swift; path = ViewController.swift; sourceTree = "<group>"; };
		40AB8EC82BBFE51F00C6192D /* Assets.xcassets */ = {isa = PBXFileReference; lastKnownFileType = folder.assetcatalog; path = Assets.xcassets; sourceTree = "<group>"; };
		40AB8ECB2BBFE51F00C6192D /* Base */ = {isa = PBXFileReference; lastKnownFileType = file.storyboard; name = Base; path = Base.lproj/LaunchScreen.storyboard; sourceTree = "<group>"; };
		40AB8ECD2BBFE51F00C6192D /* Info.plist */ = {isa = PBXFileReference; lastKnownFileType = text.plist.xml; path = Info.plist; sourceTree = "<group>"; };
		40AB8ED22BBFE51F00C6192D /* SampleListTests.xctest */ = {isa = PBXFileReference; explicitFileType = wrapper.cfbundle; includeInIndex = 0; path = SampleListTests.xctest; sourceTree = BUILT_PRODUCTS_DIR; };
		40AB8EDC2BBFE51F00C6192D /* SampleListUITests.xctest */ = {isa = PBXFileReference; explicitFileType = wrapper.cfbundle; includeInIndex = 0; path = SampleListUITests.xctest; sourceTree = BUILT_PRODUCTS_DIR; };
		40AB8EE02BBFE51F00C6192D /* SampleListUITests.swift */ = {isa = PBXFileReference; lastKnownFileType = sourcecode.swift; path = SampleListUITests.swift; sourceTree = "<group>"; };
		40AB8EE22BBFE51F00C6192D /* SampleListUITestsLaunchTests.swift */ = {isa = PBXFileReference; lastKnownFileType = sourcecode.swift; path = SampleListUITestsLaunchTests.swift; sourceTree = "<group>"; };
		40AB8EF22BC0A7A800C6192D /* PMRemoteRepo.swift */ = {isa = PBXFileReference; lastKnownFileType = sourcecode.swift; path = PMRemoteRepo.swift; sourceTree = "<group>"; };
		40AB8EF42BC0A92500C6192D /* PokemonModel.swift */ = {isa = PBXFileReference; lastKnownFileType = sourcecode.swift; path = PokemonModel.swift; sourceTree = "<group>"; };
		40AB8EF92BC0B1E200C6192D /* DefaultPMListUseCase.swift */ = {isa = PBXFileReference; lastKnownFileType = sourcecode.swift; path = DefaultPMListUseCase.swift; sourceTree = "<group>"; };
		40AB8EFC2BC0C07A00C6192D /* PMListUseCaseTest.swift */ = {isa = PBXFileReference; lastKnownFileType = sourcecode.swift; path = PMListUseCaseTest.swift; sourceTree = "<group>"; };
		40AB8EFF2BC11E5B00C6192D /* PMListViewModel.swift */ = {isa = PBXFileReference; lastKnownFileType = sourcecode.swift; path = PMListViewModel.swift; sourceTree = "<group>"; };
		40AB8F012BC1224900C6192D /* PMListVC.swift */ = {isa = PBXFileReference; lastKnownFileType = sourcecode.swift; path = PMListVC.swift; sourceTree = "<group>"; };
		40AB8F032BC1272E00C6192D /* Utility.swift */ = {isa = PBXFileReference; lastKnownFileType = sourcecode.swift; path = Utility.swift; sourceTree = "<group>"; };
		40AB8F052BC2436200C6192D /* PMListViewModelTest.swift */ = {isa = PBXFileReference; lastKnownFileType = sourcecode.swift; path = PMListViewModelTest.swift; sourceTree = "<group>"; };
		4CB14FB03CC8FABE92FF3CDA /* Pods_SampleListTests.framework */ = {isa = PBXFileReference; explicitFileType = wrapper.framework; includeInIndex = 0; path = Pods_SampleListTests.framework; sourceTree = BUILT_PRODUCTS_DIR; };
		62BD05E5143C5D8DB5722258 /* Pods-SampleListTests.release.xcconfig */ = {isa = PBXFileReference; includeInIndex = 1; lastKnownFileType = text.xcconfig; name = "Pods-SampleListTests.release.xcconfig"; path = "Target Support Files/Pods-SampleListTests/Pods-SampleListTests.release.xcconfig"; sourceTree = "<group>"; };
		A5B851FDD341D76249FF4340 /* Pods_SampleList_SampleListUITests.framework */ = {isa = PBXFileReference; explicitFileType = wrapper.framework; includeInIndex = 0; path = Pods_SampleList_SampleListUITests.framework; sourceTree = BUILT_PRODUCTS_DIR; };
		A67209F65EB4AD5B8FD4B56A /* Pods-SampleList-SampleListUITests.debug.xcconfig */ = {isa = PBXFileReference; includeInIndex = 1; lastKnownFileType = text.xcconfig; name = "Pods-SampleList-SampleListUITests.debug.xcconfig"; path = "Target Support Files/Pods-SampleList-SampleListUITests/Pods-SampleList-SampleListUITests.debug.xcconfig"; sourceTree = "<group>"; };
		AE7C1468D8EF72F8C64CC85C /* Pods-SampleList.debug.xcconfig */ = {isa = PBXFileReference; includeInIndex = 1; lastKnownFileType = text.xcconfig; name = "Pods-SampleList.debug.xcconfig"; path = "Target Support Files/Pods-SampleList/Pods-SampleList.debug.xcconfig"; sourceTree = "<group>"; };
		BE5EE4D91739DFD412DFB4BD /* Pods-SampleListTests.debug.xcconfig */ = {isa = PBXFileReference; includeInIndex = 1; lastKnownFileType = text.xcconfig; name = "Pods-SampleListTests.debug.xcconfig"; path = "Target Support Files/Pods-SampleListTests/Pods-SampleListTests.debug.xcconfig"; sourceTree = "<group>"; };
		D5D221D94BF6FD81E35B0454 /* Pods-SampleList.release.xcconfig */ = {isa = PBXFileReference; includeInIndex = 1; lastKnownFileType = text.xcconfig; name = "Pods-SampleList.release.xcconfig"; path = "Target Support Files/Pods-SampleList/Pods-SampleList.release.xcconfig"; sourceTree = "<group>"; };
/* End PBXFileReference section */

/* Begin PBXFrameworksBuildPhase section */
		40AB8EB92BBFE51D00C6192D /* Frameworks */ = {
			isa = PBXFrameworksBuildPhase;
			buildActionMask = 2147483647;
			files = (
				A058966AF2493A8DD3760EF7 /* Pods_SampleList.framework in Frameworks */,
			);
			runOnlyForDeploymentPostprocessing = 0;
		};
		40AB8ECF2BBFE51F00C6192D /* Frameworks */ = {
			isa = PBXFrameworksBuildPhase;
			buildActionMask = 2147483647;
			files = (
				D384CAB7BF3C4F9B9FCC2CD9 /* Pods_SampleListTests.framework in Frameworks */,
			);
			runOnlyForDeploymentPostprocessing = 0;
		};
		40AB8ED92BBFE51F00C6192D /* Frameworks */ = {
			isa = PBXFrameworksBuildPhase;
			buildActionMask = 2147483647;
			files = (
				28F6B0FBDD86300ACFFF080A /* Pods_SampleList_SampleListUITests.framework in Frameworks */,
			);
			runOnlyForDeploymentPostprocessing = 0;
		};
/* End PBXFrameworksBuildPhase section */

/* Begin PBXGroup section */
		40AB8EB32BBFE51D00C6192D = {
			isa = PBXGroup;
			children = (
				40AB8EBE2BBFE51D00C6192D /* SampleList */,
				40AB8ED52BBFE51F00C6192D /* SampleListTests */,
				40AB8EDF2BBFE51F00C6192D /* SampleListUITests */,
				40AB8EBD2BBFE51D00C6192D /* Products */,
				B51689DD0C04C0032EDB5DD7 /* Pods */,
				E3EBFF556C5E371D7CA99B9F /* Frameworks */,
			);
			sourceTree = "<group>";
		};
		40AB8EBD2BBFE51D00C6192D /* Products */ = {
			isa = PBXGroup;
			children = (
				40AB8EBC2BBFE51D00C6192D /* SampleList.app */,
				40AB8ED22BBFE51F00C6192D /* SampleListTests.xctest */,
				40AB8EDC2BBFE51F00C6192D /* SampleListUITests.xctest */,
			);
			name = Products;
			sourceTree = "<group>";
		};
		40AB8EBE2BBFE51D00C6192D /* SampleList */ = {
			isa = PBXGroup;
			children = (
				40AB8EBF2BBFE51D00C6192D /* AppDelegate.swift */,
				40AB8EC12BBFE51D00C6192D /* SceneDelegate.swift */,
				40AB8F032BC1272E00C6192D /* Utility.swift */,
				40AB8EF12BC0A78500C6192D /* ModelLayer */,
				40AB8EC32BBFE51D00C6192D /* ViewController.swift */,
				40AB8EFE2BC11E0300C6192D /* ViewLayer */,
				40AB8EC82BBFE51F00C6192D /* Assets.xcassets */,
				40AB8ECA2BBFE51F00C6192D /* LaunchScreen.storyboard */,
				40AB8ECD2BBFE51F00C6192D /* Info.plist */,
			);
			path = SampleList;
			sourceTree = "<group>";
		};
		40AB8ED52BBFE51F00C6192D /* SampleListTests */ = {
			isa = PBXGroup;
			children = (
				40AB8EFC2BC0C07A00C6192D /* PMListUseCaseTest.swift */,
				40AB8F052BC2436200C6192D /* PMListViewModelTest.swift */,
			);
			path = SampleListTests;
			sourceTree = "<group>";
		};
		40AB8EDF2BBFE51F00C6192D /* SampleListUITests */ = {
			isa = PBXGroup;
			children = (
				40AB8EE02BBFE51F00C6192D /* SampleListUITests.swift */,
				40AB8EE22BBFE51F00C6192D /* SampleListUITestsLaunchTests.swift */,
			);
			path = SampleListUITests;
			sourceTree = "<group>";
		};
		40AB8EF12BC0A78500C6192D /* ModelLayer */ = {
			isa = PBXGroup;
			children = (
				40AB8EF22BC0A7A800C6192D /* PMRemoteRepo.swift */,
				40AB8EF42BC0A92500C6192D /* PokemonModel.swift */,
				40AB8EF92BC0B1E200C6192D /* DefaultPMListUseCase.swift */,
			);
			path = ModelLayer;
			sourceTree = "<group>";
		};
		40AB8EFE2BC11E0300C6192D /* ViewLayer */ = {
			isa = PBXGroup;
			children = (
				40AB8EFF2BC11E5B00C6192D /* PMListViewModel.swift */,
				40AB8F012BC1224900C6192D /* PMListVC.swift */,
			);
			path = ViewLayer;
			sourceTree = "<group>";
		};
		B51689DD0C04C0032EDB5DD7 /* Pods */ = {
			isa = PBXGroup;
			children = (
				AE7C1468D8EF72F8C64CC85C /* Pods-SampleList.debug.xcconfig */,
				D5D221D94BF6FD81E35B0454 /* Pods-SampleList.release.xcconfig */,
				A67209F65EB4AD5B8FD4B56A /* Pods-SampleList-SampleListUITests.debug.xcconfig */,
				2A354E1EC27D384EB8C65E5D /* Pods-SampleList-SampleListUITests.release.xcconfig */,
				BE5EE4D91739DFD412DFB4BD /* Pods-SampleListTests.debug.xcconfig */,
				62BD05E5143C5D8DB5722258 /* Pods-SampleListTests.release.xcconfig */,
			);
			path = Pods;
			sourceTree = "<group>";
		};
		E3EBFF556C5E371D7CA99B9F /* Frameworks */ = {
			isa = PBXGroup;
			children = (
				3F88C4F48FF66B2343DA5A9C /* Pods_SampleList.framework */,
				A5B851FDD341D76249FF4340 /* Pods_SampleList_SampleListUITests.framework */,
				4CB14FB03CC8FABE92FF3CDA /* Pods_SampleListTests.framework */,
			);
			name = Frameworks;
			sourceTree = "<group>";
		};
/* End PBXGroup section */

/* Begin PBXNativeTarget section */
		40AB8EBB2BBFE51D00C6192D /* SampleList */ = {
			isa = PBXNativeTarget;
			buildConfigurationList = 40AB8EE62BBFE51F00C6192D /* Build configuration list for PBXNativeTarget "SampleList" */;
			buildPhases = (
				BB020568DE34987BE11A8857 /* [CP] Check Pods Manifest.lock */,
				40AB8EB82BBFE51D00C6192D /* Sources */,
				40AB8EB92BBFE51D00C6192D /* Frameworks */,
				40AB8EBA2BBFE51D00C6192D /* Resources */,
				734991C331C187F246E9C9D0 /* [CP] Embed Pods Frameworks */,
				40AB8EFB2BC0B2D300C6192D /* SwiftLint */,
			);
			buildRules = (
			);
			dependencies = (
			);
			name = SampleList;
			productName = SampleList;
			productReference = 40AB8EBC2BBFE51D00C6192D /* SampleList.app */;
			productType = "com.apple.product-type.application";
		};
		40AB8ED12BBFE51F00C6192D /* SampleListTests */ = {
			isa = PBXNativeTarget;
			buildConfigurationList = 40AB8EE92BBFE51F00C6192D /* Build configuration list for PBXNativeTarget "SampleListTests" */;
			buildPhases = (
				E5999A83C64F1D8A62078FEA /* [CP] Check Pods Manifest.lock */,
				40AB8ECE2BBFE51F00C6192D /* Sources */,
				40AB8ECF2BBFE51F00C6192D /* Frameworks */,
				40AB8ED02BBFE51F00C6192D /* Resources */,
				464ADB7393E3DF92F07679A9 /* [CP] Embed Pods Frameworks */,
			);
			buildRules = (
			);
			dependencies = (
				40AB8ED42BBFE51F00C6192D /* PBXTargetDependency */,
			);
			name = SampleListTests;
			productName = SampleListTests;
			productReference = 40AB8ED22BBFE51F00C6192D /* SampleListTests.xctest */;
			productType = "com.apple.product-type.bundle.unit-test";
		};
		40AB8EDB2BBFE51F00C6192D /* SampleListUITests */ = {
			isa = PBXNativeTarget;
			buildConfigurationList = 40AB8EEC2BBFE51F00C6192D /* Build configuration list for PBXNativeTarget "SampleListUITests" */;
			buildPhases = (
				5F95726BC99DCA903F23D448 /* [CP] Check Pods Manifest.lock */,
				40AB8ED82BBFE51F00C6192D /* Sources */,
				40AB8ED92BBFE51F00C6192D /* Frameworks */,
				40AB8EDA2BBFE51F00C6192D /* Resources */,
				4B6817624C93C60124C04438 /* [CP] Embed Pods Frameworks */,
			);
			buildRules = (
			);
			dependencies = (
				40AB8EDE2BBFE51F00C6192D /* PBXTargetDependency */,
			);
			name = SampleListUITests;
			productName = SampleListUITests;
			productReference = 40AB8EDC2BBFE51F00C6192D /* SampleListUITests.xctest */;
			productType = "com.apple.product-type.bundle.ui-testing";
		};
/* End PBXNativeTarget section */

/* Begin PBXProject section */
		40AB8EB42BBFE51D00C6192D /* Project object */ = {
			isa = PBXProject;
			attributes = {
				BuildIndependentTargetsInParallel = 1;
				LastSwiftUpdateCheck = 1520;
				LastUpgradeCheck = 1520;
				TargetAttributes = {
					40AB8EBB2BBFE51D00C6192D = {
						CreatedOnToolsVersion = 15.2;
					};
					40AB8ED12BBFE51F00C6192D = {
						CreatedOnToolsVersion = 15.2;
						LastSwiftMigration = 1520;
						TestTargetID = 40AB8EBB2BBFE51D00C6192D;
					};
					40AB8EDB2BBFE51F00C6192D = {
						CreatedOnToolsVersion = 15.2;
						TestTargetID = 40AB8EBB2BBFE51D00C6192D;
					};
				};
			};
			buildConfigurationList = 40AB8EB72BBFE51D00C6192D /* Build configuration list for PBXProject "SampleList" */;
			compatibilityVersion = "Xcode 14.0";
			developmentRegion = en;
			hasScannedForEncodings = 0;
			knownRegions = (
				en,
				Base,
			);
			mainGroup = 40AB8EB32BBFE51D00C6192D;
			productRefGroup = 40AB8EBD2BBFE51D00C6192D /* Products */;
			projectDirPath = "";
			projectRoot = "";
			targets = (
				40AB8EBB2BBFE51D00C6192D /* SampleList */,
				40AB8ED12BBFE51F00C6192D /* SampleListTests */,
				40AB8EDB2BBFE51F00C6192D /* SampleListUITests */,
			);
		};
/* End PBXProject section */

/* Begin PBXResourcesBuildPhase section */
		40AB8EBA2BBFE51D00C6192D /* Resources */ = {
			isa = PBXResourcesBuildPhase;
			buildActionMask = 2147483647;
			files = (
				40AB8ECC2BBFE51F00C6192D /* LaunchScreen.storyboard in Resources */,
				40AB8EC92BBFE51F00C6192D /* Assets.xcassets in Resources */,
			);
			runOnlyForDeploymentPostprocessing = 0;
		};
		40AB8ED02BBFE51F00C6192D /* Resources */ = {
			isa = PBXResourcesBuildPhase;
			buildActionMask = 2147483647;
			files = (
			);
			runOnlyForDeploymentPostprocessing = 0;
		};
		40AB8EDA2BBFE51F00C6192D /* Resources */ = {
			isa = PBXResourcesBuildPhase;
			buildActionMask = 2147483647;
			files = (
			);
			runOnlyForDeploymentPostprocessing = 0;
		};
/* End PBXResourcesBuildPhase section */

/* Begin PBXShellScriptBuildPhase section */
		40AB8EFB2BC0B2D300C6192D /* SwiftLint */ = {
			isa = PBXShellScriptBuildPhase;
			buildActionMask = 2147483647;
			files = (
			);
			inputFileListPaths = (
			);
			inputPaths = (
			);
			name = SwiftLint;
			outputFileListPaths = (
			);
			outputPaths = (
			);
			runOnlyForDeploymentPostprocessing = 0;
			shellPath = /bin/sh;
			shellScript = "# Type a script or drag a script file from your workspace to insert its path.\nif test -d \"/opt/homebrew/bin/\"; then\n  PATH=\"/opt/homebrew/bin/:${PATH}\"\nfi\nif which swiftlint >/dev/null; then    \n    swiftlint\nelse\n    echo \"warning: SwiftLint not installed, download from https://github.com/realm/SwiftLint\"\nfi\n";
		};
		464ADB7393E3DF92F07679A9 /* [CP] Embed Pods Frameworks */ = {
			isa = PBXShellScriptBuildPhase;
			buildActionMask = 2147483647;
			files = (
			);
			inputFileListPaths = (
				"${PODS_ROOT}/Target Support Files/Pods-SampleListTests/Pods-SampleListTests-frameworks-${CONFIGURATION}-input-files.xcfilelist",
			);
			name = "[CP] Embed Pods Frameworks";
			outputFileListPaths = (
				"${PODS_ROOT}/Target Support Files/Pods-SampleListTests/Pods-SampleListTests-frameworks-${CONFIGURATION}-output-files.xcfilelist",
			);
			runOnlyForDeploymentPostprocessing = 0;
			shellPath = /bin/sh;
			shellScript = "\"${PODS_ROOT}/Target Support Files/Pods-SampleListTests/Pods-SampleListTests-frameworks.sh\"\n";
			showEnvVarsInLog = 0;
		};
		4B6817624C93C60124C04438 /* [CP] Embed Pods Frameworks */ = {
			isa = PBXShellScriptBuildPhase;
			buildActionMask = 2147483647;
			files = (
			);
			inputFileListPaths = (
				"${PODS_ROOT}/Target Support Files/Pods-SampleList-SampleListUITests/Pods-SampleList-SampleListUITests-frameworks-${CONFIGURATION}-input-files.xcfilelist",
			);
			name = "[CP] Embed Pods Frameworks";
			outputFileListPaths = (
				"${PODS_ROOT}/Target Support Files/Pods-SampleList-SampleListUITests/Pods-SampleList-SampleListUITests-frameworks-${CONFIGURATION}-output-files.xcfilelist",
			);
			runOnlyForDeploymentPostprocessing = 0;
			shellPath = /bin/sh;
			shellScript = "\"${PODS_ROOT}/Target Support Files/Pods-SampleList-SampleListUITests/Pods-SampleList-SampleListUITests-frameworks.sh\"\n";
			showEnvVarsInLog = 0;
		};
		5F95726BC99DCA903F23D448 /* [CP] Check Pods Manifest.lock */ = {
			isa = PBXShellScriptBuildPhase;
			buildActionMask = 2147483647;
			files = (
			);
			inputFileListPaths = (
			);
			inputPaths = (
				"${PODS_PODFILE_DIR_PATH}/Podfile.lock",
				"${PODS_ROOT}/Manifest.lock",
			);
			name = "[CP] Check Pods Manifest.lock";
			outputFileListPaths = (
			);
			outputPaths = (
				"$(DERIVED_FILE_DIR)/Pods-SampleList-SampleListUITests-checkManifestLockResult.txt",
			);
			runOnlyForDeploymentPostprocessing = 0;
			shellPath = /bin/sh;
			shellScript = "diff \"${PODS_PODFILE_DIR_PATH}/Podfile.lock\" \"${PODS_ROOT}/Manifest.lock\" > /dev/null\nif [ $? != 0 ] ; then\n    # print error to STDERR\n    echo \"error: The sandbox is not in sync with the Podfile.lock. Run 'pod install' or update your CocoaPods installation.\" >&2\n    exit 1\nfi\n# This output is used by Xcode 'outputs' to avoid re-running this script phase.\necho \"SUCCESS\" > \"${SCRIPT_OUTPUT_FILE_0}\"\n";
			showEnvVarsInLog = 0;
		};
		734991C331C187F246E9C9D0 /* [CP] Embed Pods Frameworks */ = {
			isa = PBXShellScriptBuildPhase;
			buildActionMask = 2147483647;
			files = (
			);
			inputFileListPaths = (
				"${PODS_ROOT}/Target Support Files/Pods-SampleList/Pods-SampleList-frameworks-${CONFIGURATION}-input-files.xcfilelist",
			);
			name = "[CP] Embed Pods Frameworks";
			outputFileListPaths = (
				"${PODS_ROOT}/Target Support Files/Pods-SampleList/Pods-SampleList-frameworks-${CONFIGURATION}-output-files.xcfilelist",
			);
			runOnlyForDeploymentPostprocessing = 0;
			shellPath = /bin/sh;
			shellScript = "\"${PODS_ROOT}/Target Support Files/Pods-SampleList/Pods-SampleList-frameworks.sh\"\n";
			showEnvVarsInLog = 0;
		};
		BB020568DE34987BE11A8857 /* [CP] Check Pods Manifest.lock */ = {
			isa = PBXShellScriptBuildPhase;
			buildActionMask = 2147483647;
			files = (
			);
			inputFileListPaths = (
			);
			inputPaths = (
				"${PODS_PODFILE_DIR_PATH}/Podfile.lock",
				"${PODS_ROOT}/Manifest.lock",
			);
			name = "[CP] Check Pods Manifest.lock";
			outputFileListPaths = (
			);
			outputPaths = (
				"$(DERIVED_FILE_DIR)/Pods-SampleList-checkManifestLockResult.txt",
			);
			runOnlyForDeploymentPostprocessing = 0;
			shellPath = /bin/sh;
			shellScript = "diff \"${PODS_PODFILE_DIR_PATH}/Podfile.lock\" \"${PODS_ROOT}/Manifest.lock\" > /dev/null\nif [ $? != 0 ] ; then\n    # print error to STDERR\n    echo \"error: The sandbox is not in sync with the Podfile.lock. Run 'pod install' or update your CocoaPods installation.\" >&2\n    exit 1\nfi\n# This output is used by Xcode 'outputs' to avoid re-running this script phase.\necho \"SUCCESS\" > \"${SCRIPT_OUTPUT_FILE_0}\"\n";
			showEnvVarsInLog = 0;
		};
		E5999A83C64F1D8A62078FEA /* [CP] Check Pods Manifest.lock */ = {
			isa = PBXShellScriptBuildPhase;
			buildActionMask = 2147483647;
			files = (
			);
			inputFileListPaths = (
			);
			inputPaths = (
				"${PODS_PODFILE_DIR_PATH}/Podfile.lock",
				"${PODS_ROOT}/Manifest.lock",
			);
			name = "[CP] Check Pods Manifest.lock";
			outputFileListPaths = (
			);
			outputPaths = (
				"$(DERIVED_FILE_DIR)/Pods-SampleListTests-checkManifestLockResult.txt",
			);
			runOnlyForDeploymentPostprocessing = 0;
			shellPath = /bin/sh;
			shellScript = "diff \"${PODS_PODFILE_DIR_PATH}/Podfile.lock\" \"${PODS_ROOT}/Manifest.lock\" > /dev/null\nif [ $? != 0 ] ; then\n    # print error to STDERR\n    echo \"error: The sandbox is not in sync with the Podfile.lock. Run 'pod install' or update your CocoaPods installation.\" >&2\n    exit 1\nfi\n# This output is used by Xcode 'outputs' to avoid re-running this script phase.\necho \"SUCCESS\" > \"${SCRIPT_OUTPUT_FILE_0}\"\n";
			showEnvVarsInLog = 0;
		};
/* End PBXShellScriptBuildPhase section */

/* Begin PBXSourcesBuildPhase section */
		40AB8EB82BBFE51D00C6192D /* Sources */ = {
			isa = PBXSourcesBuildPhase;
			buildActionMask = 2147483647;
			files = (
				40AB8EC42BBFE51D00C6192D /* ViewController.swift in Sources */,
				40AB8EC02BBFE51D00C6192D /* AppDelegate.swift in Sources */,
				40AB8F042BC1272E00C6192D /* Utility.swift in Sources */,
				40AB8EC22BBFE51D00C6192D /* SceneDelegate.swift in Sources */,
				40AB8EF52BC0A92500C6192D /* PokemonModel.swift in Sources */,
				40AB8F022BC1224900C6192D /* PMListVC.swift in Sources */,
				40AB8F002BC11E5B00C6192D /* PMListViewModel.swift in Sources */,
				40AB8EF32BC0A7A800C6192D /* PMRemoteRepo.swift in Sources */,
				40AB8EFA2BC0B1E200C6192D /* DefaultPMListUseCase.swift in Sources */,
			);
			runOnlyForDeploymentPostprocessing = 0;
		};
		40AB8ECE2BBFE51F00C6192D /* Sources */ = {
			isa = PBXSourcesBuildPhase;
			buildActionMask = 2147483647;
			files = (
				40AB8EFD2BC0C07A00C6192D /* PMListUseCaseTest.swift in Sources */,
				40AB8F062BC2436200C6192D /* PMListViewModelTest.swift in Sources */,
			);
			runOnlyForDeploymentPostprocessing = 0;
		};
		40AB8ED82BBFE51F00C6192D /* Sources */ = {
			isa = PBXSourcesBuildPhase;
			buildActionMask = 2147483647;
			files = (
				40AB8EE32BBFE51F00C6192D /* SampleListUITestsLaunchTests.swift in Sources */,
				40AB8EE12BBFE51F00C6192D /* SampleListUITests.swift in Sources */,
			);
			runOnlyForDeploymentPostprocessing = 0;
		};
/* End PBXSourcesBuildPhase section */

/* Begin PBXTargetDependency section */
		40AB8ED42BBFE51F00C6192D /* PBXTargetDependency */ = {
			isa = PBXTargetDependency;
			target = 40AB8EBB2BBFE51D00C6192D /* SampleList */;
			targetProxy = 40AB8ED32BBFE51F00C6192D /* PBXContainerItemProxy */;
		};
		40AB8EDE2BBFE51F00C6192D /* PBXTargetDependency */ = {
			isa = PBXTargetDependency;
			target = 40AB8EBB2BBFE51D00C6192D /* SampleList */;
			targetProxy = 40AB8EDD2BBFE51F00C6192D /* PBXContainerItemProxy */;
		};
/* End PBXTargetDependency section */

/* Begin PBXVariantGroup section */
		40AB8ECA2BBFE51F00C6192D /* LaunchScreen.storyboard */ = {
			isa = PBXVariantGroup;
			children = (
				40AB8ECB2BBFE51F00C6192D /* Base */,
			);
			name = LaunchScreen.storyboard;
			sourceTree = "<group>";
		};
/* End PBXVariantGroup section */

/* Begin XCBuildConfiguration section */
		40AB8EE42BBFE51F00C6192D /* Debug */ = {
			isa = XCBuildConfiguration;
			buildSettings = {
				ALWAYS_SEARCH_USER_PATHS = NO;
				ASSETCATALOG_COMPILER_GENERATE_SWIFT_ASSET_SYMBOL_EXTENSIONS = YES;
				CLANG_ANALYZER_NONNULL = YES;
				CLANG_ANALYZER_NUMBER_OBJECT_CONVERSION = YES_AGGRESSIVE;
				CLANG_CXX_LANGUAGE_STANDARD = "gnu++20";
				CLANG_ENABLE_MODULES = YES;
				CLANG_ENABLE_OBJC_ARC = YES;
				CLANG_ENABLE_OBJC_WEAK = YES;
				CLANG_WARN_BLOCK_CAPTURE_AUTORELEASING = YES;
				CLANG_WARN_BOOL_CONVERSION = YES;
				CLANG_WARN_COMMA = YES;
				CLANG_WARN_CONSTANT_CONVERSION = YES;
				CLANG_WARN_DEPRECATED_OBJC_IMPLEMENTATIONS = YES;
				CLANG_WARN_DIRECT_OBJC_ISA_USAGE = YES_ERROR;
				CLANG_WARN_DOCUMENTATION_COMMENTS = YES;
				CLANG_WARN_EMPTY_BODY = YES;
				CLANG_WARN_ENUM_CONVERSION = YES;
				CLANG_WARN_INFINITE_RECURSION = YES;
				CLANG_WARN_INT_CONVERSION = YES;
				CLANG_WARN_NON_LITERAL_NULL_CONVERSION = YES;
				CLANG_WARN_OBJC_IMPLICIT_RETAIN_SELF = YES;
				CLANG_WARN_OBJC_LITERAL_CONVERSION = YES;
				CLANG_WARN_OBJC_ROOT_CLASS = YES_ERROR;
				CLANG_WARN_QUOTED_INCLUDE_IN_FRAMEWORK_HEADER = YES;
				CLANG_WARN_RANGE_LOOP_ANALYSIS = YES;
				CLANG_WARN_STRICT_PROTOTYPES = YES;
				CLANG_WARN_SUSPICIOUS_MOVE = YES;
				CLANG_WARN_UNGUARDED_AVAILABILITY = YES_AGGRESSIVE;
				CLANG_WARN_UNREACHABLE_CODE = YES;
				CLANG_WARN__DUPLICATE_METHOD_MATCH = YES;
				COPY_PHASE_STRIP = NO;
				DEBUG_INFORMATION_FORMAT = dwarf;
				ENABLE_STRICT_OBJC_MSGSEND = YES;
				ENABLE_TESTABILITY = YES;
				ENABLE_USER_SCRIPT_SANDBOXING = NO;
				GCC_C_LANGUAGE_STANDARD = gnu17;
				GCC_DYNAMIC_NO_PIC = NO;
				GCC_NO_COMMON_BLOCKS = YES;
				GCC_OPTIMIZATION_LEVEL = 0;
				GCC_PREPROCESSOR_DEFINITIONS = (
					"DEBUG=1",
					"$(inherited)",
				);
				GCC_WARN_64_TO_32_BIT_CONVERSION = YES;
				GCC_WARN_ABOUT_RETURN_TYPE = YES_ERROR;
				GCC_WARN_UNDECLARED_SELECTOR = YES;
				GCC_WARN_UNINITIALIZED_AUTOS = YES_AGGRESSIVE;
				GCC_WARN_UNUSED_FUNCTION = YES;
				GCC_WARN_UNUSED_VARIABLE = YES;
				IPHONEOS_DEPLOYMENT_TARGET = 15.0;
				LOCALIZATION_PREFERS_STRING_CATALOGS = YES;
				MTL_ENABLE_DEBUG_INFO = INCLUDE_SOURCE;
				MTL_FAST_MATH = YES;
				ONLY_ACTIVE_ARCH = YES;
				SDKROOT = iphoneos;
				SWIFT_ACTIVE_COMPILATION_CONDITIONS = "DEBUG $(inherited)";
				SWIFT_OPTIMIZATION_LEVEL = "-Onone";
			};
			name = Debug;
		};
		40AB8EE52BBFE51F00C6192D /* Release */ = {
			isa = XCBuildConfiguration;
			buildSettings = {
				ALWAYS_SEARCH_USER_PATHS = NO;
				ASSETCATALOG_COMPILER_GENERATE_SWIFT_ASSET_SYMBOL_EXTENSIONS = YES;
				CLANG_ANALYZER_NONNULL = YES;
				CLANG_ANALYZER_NUMBER_OBJECT_CONVERSION = YES_AGGRESSIVE;
				CLANG_CXX_LANGUAGE_STANDARD = "gnu++20";
				CLANG_ENABLE_MODULES = YES;
				CLANG_ENABLE_OBJC_ARC = YES;
				CLANG_ENABLE_OBJC_WEAK = YES;
				CLANG_WARN_BLOCK_CAPTURE_AUTORELEASING = YES;
				CLANG_WARN_BOOL_CONVERSION = YES;
				CLANG_WARN_COMMA = YES;
				CLANG_WARN_CONSTANT_CONVERSION = YES;
				CLANG_WARN_DEPRECATED_OBJC_IMPLEMENTATIONS = YES;
				CLANG_WARN_DIRECT_OBJC_ISA_USAGE = YES_ERROR;
				CLANG_WARN_DOCUMENTATION_COMMENTS = YES;
				CLANG_WARN_EMPTY_BODY = YES;
				CLANG_WARN_ENUM_CONVERSION = YES;
				CLANG_WARN_INFINITE_RECURSION = YES;
				CLANG_WARN_INT_CONVERSION = YES;
				CLANG_WARN_NON_LITERAL_NULL_CONVERSION = YES;
				CLANG_WARN_OBJC_IMPLICIT_RETAIN_SELF = YES;
				CLANG_WARN_OBJC_LITERAL_CONVERSION = YES;
				CLANG_WARN_OBJC_ROOT_CLASS = YES_ERROR;
				CLANG_WARN_QUOTED_INCLUDE_IN_FRAMEWORK_HEADER = YES;
				CLANG_WARN_RANGE_LOOP_ANALYSIS = YES;
				CLANG_WARN_STRICT_PROTOTYPES = YES;
				CLANG_WARN_SUSPICIOUS_MOVE = YES;
				CLANG_WARN_UNGUARDED_AVAILABILITY = YES_AGGRESSIVE;
				CLANG_WARN_UNREACHABLE_CODE = YES;
				CLANG_WARN__DUPLICATE_METHOD_MATCH = YES;
				COPY_PHASE_STRIP = NO;
				DEBUG_INFORMATION_FORMAT = "dwarf-with-dsym";
				ENABLE_NS_ASSERTIONS = NO;
				ENABLE_STRICT_OBJC_MSGSEND = YES;
				ENABLE_USER_SCRIPT_SANDBOXING = NO;
				GCC_C_LANGUAGE_STANDARD = gnu17;
				GCC_NO_COMMON_BLOCKS = YES;
				GCC_WARN_64_TO_32_BIT_CONVERSION = YES;
				GCC_WARN_ABOUT_RETURN_TYPE = YES_ERROR;
				GCC_WARN_UNDECLARED_SELECTOR = YES;
				GCC_WARN_UNINITIALIZED_AUTOS = YES_AGGRESSIVE;
				GCC_WARN_UNUSED_FUNCTION = YES;
				GCC_WARN_UNUSED_VARIABLE = YES;
				IPHONEOS_DEPLOYMENT_TARGET = 15.0;
				LOCALIZATION_PREFERS_STRING_CATALOGS = YES;
				MTL_ENABLE_DEBUG_INFO = NO;
				MTL_FAST_MATH = YES;
				SDKROOT = iphoneos;
				SWIFT_COMPILATION_MODE = wholemodule;
				VALIDATE_PRODUCT = YES;
			};
			name = Release;
		};
		40AB8EE72BBFE51F00C6192D /* Debug */ = {
			isa = XCBuildConfiguration;
			baseConfigurationReference = AE7C1468D8EF72F8C64CC85C /* Pods-SampleList.debug.xcconfig */;
			buildSettings = {
				ASSETCATALOG_COMPILER_APPICON_NAME = AppIcon;
				ASSETCATALOG_COMPILER_GLOBAL_ACCENT_COLOR_NAME = AccentColor;
				CODE_SIGN_STYLE = Automatic;
				CURRENT_PROJECT_VERSION = 1;
				DEVELOPMENT_TEAM = 7J87JK82Q6;
				GENERATE_INFOPLIST_FILE = YES;
				INFOPLIST_FILE = SampleList/Info.plist;
				INFOPLIST_KEY_UIApplicationSupportsIndirectInputEvents = YES;
				INFOPLIST_KEY_UILaunchStoryboardName = LaunchScreen;
				INFOPLIST_KEY_UISupportedInterfaceOrientations_iPad = "UIInterfaceOrientationPortrait UIInterfaceOrientationPortraitUpsideDown UIInterfaceOrientationLandscapeLeft UIInterfaceOrientationLandscapeRight";
				INFOPLIST_KEY_UISupportedInterfaceOrientations_iPhone = "UIInterfaceOrientationPortrait UIInterfaceOrientationLandscapeLeft UIInterfaceOrientationLandscapeRight";
				IPHONEOS_DEPLOYMENT_TARGET = 15.0;
				LD_RUNPATH_SEARCH_PATHS = (
					"$(inherited)",
					"@executable_path/Frameworks",
				);
				MARKETING_VERSION = 1.0;
				PRODUCT_BUNDLE_IDENTIFIER = com.joe.sampleList.SampleList;
				PRODUCT_NAME = "$(TARGET_NAME)";
				SWIFT_EMIT_LOC_STRINGS = YES;
				SWIFT_VERSION = 5.0;
				TARGETED_DEVICE_FAMILY = "1,2";
			};
			name = Debug;
		};
		40AB8EE82BBFE51F00C6192D /* Release */ = {
			isa = XCBuildConfiguration;
			baseConfigurationReference = D5D221D94BF6FD81E35B0454 /* Pods-SampleList.release.xcconfig */;
			buildSettings = {
				ASSETCATALOG_COMPILER_APPICON_NAME = AppIcon;
				ASSETCATALOG_COMPILER_GLOBAL_ACCENT_COLOR_NAME = AccentColor;
				CODE_SIGN_STYLE = Automatic;
				CURRENT_PROJECT_VERSION = 1;
				DEVELOPMENT_TEAM = 7J87JK82Q6;
				GENERATE_INFOPLIST_FILE = YES;
				INFOPLIST_FILE = SampleList/Info.plist;
				INFOPLIST_KEY_UIApplicationSupportsIndirectInputEvents = YES;
				INFOPLIST_KEY_UILaunchStoryboardName = LaunchScreen;
				INFOPLIST_KEY_UISupportedInterfaceOrientations_iPad = "UIInterfaceOrientationPortrait UIInterfaceOrientationPortraitUpsideDown UIInterfaceOrientationLandscapeLeft UIInterfaceOrientationLandscapeRight";
				INFOPLIST_KEY_UISupportedInterfaceOrientations_iPhone = "UIInterfaceOrientationPortrait UIInterfaceOrientationLandscapeLeft UIInterfaceOrientationLandscapeRight";
				IPHONEOS_DEPLOYMENT_TARGET = 15.0;
				LD_RUNPATH_SEARCH_PATHS = (
					"$(inherited)",
					"@executable_path/Frameworks",
				);
				MARKETING_VERSION = 1.0;
				PRODUCT_BUNDLE_IDENTIFIER = com.joe.sampleList.SampleList;
				PRODUCT_NAME = "$(TARGET_NAME)";
				SWIFT_EMIT_LOC_STRINGS = YES;
				SWIFT_VERSION = 5.0;
				TARGETED_DEVICE_FAMILY = "1,2";
			};
			name = Release;
		};
		40AB8EEA2BBFE51F00C6192D /* Debug */ = {
			isa = XCBuildConfiguration;
			baseConfigurationReference = BE5EE4D91739DFD412DFB4BD /* Pods-SampleListTests.debug.xcconfig */;
			buildSettings = {
				ALWAYS_EMBED_SWIFT_STANDARD_LIBRARIES = YES;
				BUNDLE_LOADER = "$(TEST_HOST)";
				CLANG_ENABLE_MODULES = YES;
				CODE_SIGN_STYLE = Automatic;
				CURRENT_PROJECT_VERSION = 1;
				DEVELOPMENT_TEAM = 7J87JK82Q6;
				GENERATE_INFOPLIST_FILE = YES;
				IPHONEOS_DEPLOYMENT_TARGET = 15.0;
				MARKETING_VERSION = 1.0;
				PRODUCT_BUNDLE_IDENTIFIER = com.joe.sampleList.SampleListTests;
				PRODUCT_NAME = "$(TARGET_NAME)";
				SWIFT_EMIT_LOC_STRINGS = NO;
				SWIFT_OPTIMIZATION_LEVEL = "-Onone";
				SWIFT_VERSION = 5.0;
				TARGETED_DEVICE_FAMILY = "1,2";
				TEST_HOST = "$(BUILT_PRODUCTS_DIR)/SampleList.app/$(BUNDLE_EXECUTABLE_FOLDER_PATH)/SampleList";
			};
			name = Debug;
		};
		40AB8EEB2BBFE51F00C6192D /* Release */ = {
			isa = XCBuildConfiguration;
			baseConfigurationReference = 62BD05E5143C5D8DB5722258 /* Pods-SampleListTests.release.xcconfig */;
			buildSettings = {
				ALWAYS_EMBED_SWIFT_STANDARD_LIBRARIES = YES;
				BUNDLE_LOADER = "$(TEST_HOST)";
				CLANG_ENABLE_MODULES = YES;
				CODE_SIGN_STYLE = Automatic;
				CURRENT_PROJECT_VERSION = 1;
				DEVELOPMENT_TEAM = 7J87JK82Q6;
				GENERATE_INFOPLIST_FILE = YES;
				IPHONEOS_DEPLOYMENT_TARGET = 15.0;
				MARKETING_VERSION = 1.0;
				PRODUCT_BUNDLE_IDENTIFIER = com.joe.sampleList.SampleListTests;
				PRODUCT_NAME = "$(TARGET_NAME)";
				SWIFT_EMIT_LOC_STRINGS = NO;
				SWIFT_VERSION = 5.0;
				TARGETED_DEVICE_FAMILY = "1,2";
				TEST_HOST = "$(BUILT_PRODUCTS_DIR)/SampleList.app/$(BUNDLE_EXECUTABLE_FOLDER_PATH)/SampleList";
			};
			name = Release;
		};
		40AB8EED2BBFE51F00C6192D /* Debug */ = {
			isa = XCBuildConfiguration;
			baseConfigurationReference = A67209F65EB4AD5B8FD4B56A /* Pods-SampleList-SampleListUITests.debug.xcconfig */;
			buildSettings = {
				ALWAYS_EMBED_SWIFT_STANDARD_LIBRARIES = YES;
				CODE_SIGN_STYLE = Automatic;
				CURRENT_PROJECT_VERSION = 1;
				DEVELOPMENT_TEAM = 7J87JK82Q6;
				GENERATE_INFOPLIST_FILE = YES;
				MARKETING_VERSION = 1.0;
				PRODUCT_BUNDLE_IDENTIFIER = com.joe.sampleList.SampleListUITests;
				PRODUCT_NAME = "$(TARGET_NAME)";
				SWIFT_EMIT_LOC_STRINGS = NO;
				SWIFT_VERSION = 5.0;
				TARGETED_DEVICE_FAMILY = "1,2";
				TEST_TARGET_NAME = SampleList;
			};
			name = Debug;
		};
		40AB8EEE2BBFE51F00C6192D /* Release */ = {
			isa = XCBuildConfiguration;
			baseConfigurationReference = 2A354E1EC27D384EB8C65E5D /* Pods-SampleList-SampleListUITests.release.xcconfig */;
			buildSettings = {
				ALWAYS_EMBED_SWIFT_STANDARD_LIBRARIES = YES;
				CODE_SIGN_STYLE = Automatic;
				CURRENT_PROJECT_VERSION = 1;
				DEVELOPMENT_TEAM = 7J87JK82Q6;
				GENERATE_INFOPLIST_FILE = YES;
				MARKETING_VERSION = 1.0;
				PRODUCT_BUNDLE_IDENTIFIER = com.joe.sampleList.SampleListUITests;
				PRODUCT_NAME = "$(TARGET_NAME)";
				SWIFT_EMIT_LOC_STRINGS = NO;
				SWIFT_VERSION = 5.0;
				TARGETED_DEVICE_FAMILY = "1,2";
				TEST_TARGET_NAME = SampleList;
			};
			name = Release;
		};
/* End XCBuildConfiguration section */

/* Begin XCConfigurationList section */
		40AB8EB72BBFE51D00C6192D /* Build configuration list for PBXProject "SampleList" */ = {
			isa = XCConfigurationList;
			buildConfigurations = (
				40AB8EE42BBFE51F00C6192D /* Debug */,
				40AB8EE52BBFE51F00C6192D /* Release */,
			);
			defaultConfigurationIsVisible = 0;
			defaultConfigurationName = Release;
		};
		40AB8EE62BBFE51F00C6192D /* Build configuration list for PBXNativeTarget "SampleList" */ = {
			isa = XCConfigurationList;
			buildConfigurations = (
				40AB8EE72BBFE51F00C6192D /* Debug */,
				40AB8EE82BBFE51F00C6192D /* Release */,
			);
			defaultConfigurationIsVisible = 0;
			defaultConfigurationName = Release;
		};
		40AB8EE92BBFE51F00C6192D /* Build configuration list for PBXNativeTarget "SampleListTests" */ = {
			isa = XCConfigurationList;
			buildConfigurations = (
				40AB8EEA2BBFE51F00C6192D /* Debug */,
				40AB8EEB2BBFE51F00C6192D /* Release */,
			);
			defaultConfigurationIsVisible = 0;
			defaultConfigurationName = Release;
		};
		40AB8EEC2BBFE51F00C6192D /* Build configuration list for PBXNativeTarget "SampleListUITests" */ = {
			isa = XCConfigurationList;
			buildConfigurations = (
				40AB8EED2BBFE51F00C6192D /* Debug */,
				40AB8EEE2BBFE51F00C6192D /* Release */,
			);
			defaultConfigurationIsVisible = 0;
			defaultConfigurationName = Release;
		};
/* End XCConfigurationList section */
	};
	rootObject = 40AB8EB42BBFE51D00C6192D /* Project object */;
}
